# This file is automatically @generated by Cargo.
# It is not intended for manual editing.
version = 4

[[package]]
name = "graphix"
version = "0.3.0"
source = "registry+https://github.com/rust-lang/crates.io-index"
checksum = "1bf3edc54ee55ca4de2b932219de400e28f03132b0492d864311674e08275311"

[[package]]
name = "graphix_io"
version = "0.2.2"
dependencies = [
 "graphix",
]
